// !$*UTF8*$!
{
	archiveVersion = 1;
	classes = {
	};
	objectVersion = 56;
	objects = {

/* Begin PBXBuildFile section */
		690B758B2ABDA61B006E6882 /* UpdatePictureView.swift in Sources */ = {isa = PBXBuildFile; fileRef = 690B758A2ABDA61B006E6882 /* UpdatePictureView.swift */; };
		690B758F2ABE9EC6006E6882 /* ImagePicker.swift in Sources */ = {isa = PBXBuildFile; fileRef = 690B758E2ABE9EC6006E6882 /* ImagePicker.swift */; };
		690B75952ABEB983006E6882 /* FirebaseManager.swift in Sources */ = {isa = PBXBuildFile; fileRef = 690B75942ABEB983006E6882 /* FirebaseManager.swift */; };
		697B6F202ABC8B8A00FA6803 /* FirebaseAnalytics in Frameworks */ = {isa = PBXBuildFile; productRef = 697B6F1F2ABC8B8A00FA6803 /* FirebaseAnalytics */; };
		697B6F222ABC8B8A00FA6803 /* FirebaseAuth in Frameworks */ = {isa = PBXBuildFile; productRef = 697B6F212ABC8B8A00FA6803 /* FirebaseAuth */; };
		697B6F242ABC8B8A00FA6803 /* FirebaseFirestore in Frameworks */ = {isa = PBXBuildFile; productRef = 697B6F232ABC8B8A00FA6803 /* FirebaseFirestore */; };
		697B6F262ABC8B8A00FA6803 /* FirebaseStorage in Frameworks */ = {isa = PBXBuildFile; productRef = 697B6F252ABC8B8A00FA6803 /* FirebaseStorage */; };
		697B6F292ABD569100FA6803 /* LoginView.swift in Sources */ = {isa = PBXBuildFile; fileRef = 697B6F282ABD569100FA6803 /* LoginView.swift */; };
		697B6F2B2ABD597700FA6803 /* GoogleService-Info.plist in Resources */ = {isa = PBXBuildFile; fileRef = 697B6F2A2ABD597700FA6803 /* GoogleService-Info.plist */; };
		697B6F2D2ABD5CC900FA6803 /* LoginSuccessView.swift in Sources */ = {isa = PBXBuildFile; fileRef = 697B6F2C2ABD5CC900FA6803 /* LoginSuccessView.swift */; };
		697B6F2F2ABD5CDD00FA6803 /* AuthView.swift in Sources */ = {isa = PBXBuildFile; fileRef = 697B6F2E2ABD5CDD00FA6803 /* AuthView.swift */; };
		697B6F312ABD5CE800FA6803 /* SignUpView.swift in Sources */ = {isa = PBXBuildFile; fileRef = 697B6F302ABD5CE800FA6803 /* SignUpView.swift */; };
		697B6F332ABD5CF200FA6803 /* SignRowView.swift in Sources */ = {isa = PBXBuildFile; fileRef = 697B6F322ABD5CF200FA6803 /* SignRowView.swift */; };
		697B6F362ABD5D4A00FA6803 /* AuthenticationViewModel.swift in Sources */ = {isa = PBXBuildFile; fileRef = 697B6F352ABD5D4A00FA6803 /* AuthenticationViewModel.swift */; };
		69BD0C412A610A0600DD7041 /* MatchingWordsAndPicturesApp.swift in Sources */ = {isa = PBXBuildFile; fileRef = 69BD0C402A610A0600DD7041 /* MatchingWordsAndPicturesApp.swift */; };
		69BD0C432A610A0600DD7041 /* ContentView.swift in Sources */ = {isa = PBXBuildFile; fileRef = 69BD0C422A610A0600DD7041 /* ContentView.swift */; };
		69BD0C452A610A0700DD7041 /* Assets.xcassets in Resources */ = {isa = PBXBuildFile; fileRef = 69BD0C442A610A0700DD7041 /* Assets.xcassets */; };
		69BD0C482A610A0700DD7041 /* Preview Assets.xcassets in Resources */ = {isa = PBXBuildFile; fileRef = 69BD0C472A610A0700DD7041 /* Preview Assets.xcassets */; };
		69BD0C522A610A0700DD7041 /* MatchingWordsAndPicturesTests.swift in Sources */ = {isa = PBXBuildFile; fileRef = 69BD0C512A610A0700DD7041 /* MatchingWordsAndPicturesTests.swift */; };
		69BD0C5C2A610A0700DD7041 /* MatchingWordsAndPicturesUITests.swift in Sources */ = {isa = PBXBuildFile; fileRef = 69BD0C5B2A610A0700DD7041 /* MatchingWordsAndPicturesUITests.swift */; };
		69BD0C5E2A610A0700DD7041 /* MatchingWordsAndPicturesUITestsLaunchTests.swift in Sources */ = {isa = PBXBuildFile; fileRef = 69BD0C5D2A610A0700DD7041 /* MatchingWordsAndPicturesUITestsLaunchTests.swift */; };
		69BD0C6C2A615B0B00DD7041 /* AVFoundationData.swift in Sources */ = {isa = PBXBuildFile; fileRef = 69BD0C6B2A615B0B00DD7041 /* AVFoundationData.swift */; };
		69D545F02AA88D8800D2A6E9 /* Model.swift in Sources */ = {isa = PBXBuildFile; fileRef = 69D545EF2AA88D8800D2A6E9 /* Model.swift */; };
		69D545F22AA88EE700D2A6E9 /* NameRowView.swift in Sources */ = {isa = PBXBuildFile; fileRef = 69D545F12AA88EE700D2A6E9 /* NameRowView.swift */; };
		69D545F42AA8974100D2A6E9 /* ImageTextRegisterView.swift in Sources */ = {isa = PBXBuildFile; fileRef = 69D545F32AA8974100D2A6E9 /* ImageTextRegisterView.swift */; };
		69D545FA2AA899CC00D2A6E9 /* ImageTextRegisterRowView.swift in Sources */ = {isa = PBXBuildFile; fileRef = 69D545F92AA899CC00D2A6E9 /* ImageTextRegisterRowView.swift */; };
		69F37A5F2AB866AB0081727D /* MatingView.swift in Sources */ = {isa = PBXBuildFile; fileRef = 69F37A5E2AB866AB0081727D /* MatingView.swift */; };
/* End PBXBuildFile section */

/* Begin PBXContainerItemProxy section */
		69BD0C4E2A610A0700DD7041 /* PBXContainerItemProxy */ = {
			isa = PBXContainerItemProxy;
			containerPortal = 69BD0C352A610A0600DD7041 /* Project object */;
			proxyType = 1;
			remoteGlobalIDString = 69BD0C3C2A610A0600DD7041;
			remoteInfo = MatchingWordsAndPictures;
		};
		69BD0C582A610A0700DD7041 /* PBXContainerItemProxy */ = {
			isa = PBXContainerItemProxy;
			containerPortal = 69BD0C352A610A0600DD7041 /* Project object */;
			proxyType = 1;
			remoteGlobalIDString = 69BD0C3C2A610A0600DD7041;
			remoteInfo = MatchingWordsAndPictures;
		};
/* End PBXContainerItemProxy section */

/* Begin PBXFileReference section */
		690B758A2ABDA61B006E6882 /* UpdatePictureView.swift */ = {isa = PBXFileReference; lastKnownFileType = sourcecode.swift; path = UpdatePictureView.swift; sourceTree = "<group>"; };
		690B758E2ABE9EC6006E6882 /* ImagePicker.swift */ = {isa = PBXFileReference; lastKnownFileType = sourcecode.swift; path = ImagePicker.swift; sourceTree = "<group>"; };
		690B75942ABEB983006E6882 /* FirebaseManager.swift */ = {isa = PBXFileReference; lastKnownFileType = sourcecode.swift; path = FirebaseManager.swift; sourceTree = "<group>"; };
		697B6F282ABD569100FA6803 /* LoginView.swift */ = {isa = PBXFileReference; lastKnownFileType = sourcecode.swift; path = LoginView.swift; sourceTree = "<group>"; };
		697B6F2A2ABD597700FA6803 /* GoogleService-Info.plist */ = {isa = PBXFileReference; fileEncoding = 4; lastKnownFileType = text.plist.xml; path = "GoogleService-Info.plist"; sourceTree = "<group>"; };
		697B6F2C2ABD5CC900FA6803 /* LoginSuccessView.swift */ = {isa = PBXFileReference; fileEncoding = 4; lastKnownFileType = sourcecode.swift; path = LoginSuccessView.swift; sourceTree = "<group>"; };
		697B6F2E2ABD5CDD00FA6803 /* AuthView.swift */ = {isa = PBXFileReference; fileEncoding = 4; lastKnownFileType = sourcecode.swift; path = AuthView.swift; sourceTree = "<group>"; };
		697B6F302ABD5CE800FA6803 /* SignUpView.swift */ = {isa = PBXFileReference; fileEncoding = 4; lastKnownFileType = sourcecode.swift; path = SignUpView.swift; sourceTree = "<group>"; };
		697B6F322ABD5CF200FA6803 /* SignRowView.swift */ = {isa = PBXFileReference; fileEncoding = 4; lastKnownFileType = sourcecode.swift; path = SignRowView.swift; sourceTree = "<group>"; };
		697B6F352ABD5D4A00FA6803 /* AuthenticationViewModel.swift */ = {isa = PBXFileReference; fileEncoding = 4; lastKnownFileType = sourcecode.swift; path = AuthenticationViewModel.swift; sourceTree = "<group>"; };
		69BD0C3D2A610A0600DD7041 /* MatchingWordsAndPictures.app */ = {isa = PBXFileReference; explicitFileType = wrapper.application; includeInIndex = 0; path = MatchingWordsAndPictures.app; sourceTree = BUILT_PRODUCTS_DIR; };
		69BD0C402A610A0600DD7041 /* MatchingWordsAndPicturesApp.swift */ = {isa = PBXFileReference; lastKnownFileType = sourcecode.swift; path = MatchingWordsAndPicturesApp.swift; sourceTree = "<group>"; };
		69BD0C422A610A0600DD7041 /* ContentView.swift */ = {isa = PBXFileReference; lastKnownFileType = sourcecode.swift; path = ContentView.swift; sourceTree = "<group>"; };
		69BD0C442A610A0700DD7041 /* Assets.xcassets */ = {isa = PBXFileReference; lastKnownFileType = folder.assetcatalog; path = Assets.xcassets; sourceTree = "<group>"; };
		69BD0C472A610A0700DD7041 /* Preview Assets.xcassets */ = {isa = PBXFileReference; lastKnownFileType = folder.assetcatalog; path = "Preview Assets.xcassets"; sourceTree = "<group>"; };
		69BD0C4D2A610A0700DD7041 /* MatchingWordsAndPicturesTests.xctest */ = {isa = PBXFileReference; explicitFileType = wrapper.cfbundle; includeInIndex = 0; path = MatchingWordsAndPicturesTests.xctest; sourceTree = BUILT_PRODUCTS_DIR; };
		69BD0C512A610A0700DD7041 /* MatchingWordsAndPicturesTests.swift */ = {isa = PBXFileReference; lastKnownFileType = sourcecode.swift; path = MatchingWordsAndPicturesTests.swift; sourceTree = "<group>"; };
		69BD0C572A610A0700DD7041 /* MatchingWordsAndPicturesUITests.xctest */ = {isa = PBXFileReference; explicitFileType = wrapper.cfbundle; includeInIndex = 0; path = MatchingWordsAndPicturesUITests.xctest; sourceTree = BUILT_PRODUCTS_DIR; };
		69BD0C5B2A610A0700DD7041 /* MatchingWordsAndPicturesUITests.swift */ = {isa = PBXFileReference; lastKnownFileType = sourcecode.swift; path = MatchingWordsAndPicturesUITests.swift; sourceTree = "<group>"; };
		69BD0C5D2A610A0700DD7041 /* MatchingWordsAndPicturesUITestsLaunchTests.swift */ = {isa = PBXFileReference; lastKnownFileType = sourcecode.swift; path = MatchingWordsAndPicturesUITestsLaunchTests.swift; sourceTree = "<group>"; };
		69BD0C6B2A615B0B00DD7041 /* AVFoundationData.swift */ = {isa = PBXFileReference; fileEncoding = 4; lastKnownFileType = sourcecode.swift; path = AVFoundationData.swift; sourceTree = "<group>"; };
		69D545EF2AA88D8800D2A6E9 /* Model.swift */ = {isa = PBXFileReference; lastKnownFileType = sourcecode.swift; path = Model.swift; sourceTree = "<group>"; };
		69D545F12AA88EE700D2A6E9 /* NameRowView.swift */ = {isa = PBXFileReference; lastKnownFileType = sourcecode.swift; path = NameRowView.swift; sourceTree = "<group>"; };
		69D545F32AA8974100D2A6E9 /* ImageTextRegisterView.swift */ = {isa = PBXFileReference; lastKnownFileType = sourcecode.swift; path = ImageTextRegisterView.swift; sourceTree = "<group>"; };
		69D545F92AA899CC00D2A6E9 /* ImageTextRegisterRowView.swift */ = {isa = PBXFileReference; lastKnownFileType = sourcecode.swift; path = ImageTextRegisterRowView.swift; sourceTree = "<group>"; };
		69D545FF2AA89D2000D2A6E9 /* MyPlayground.playground */ = {isa = PBXFileReference; lastKnownFileType = file.playground; path = MyPlayground.playground; sourceTree = "<group>"; xcLanguageSpecificationIdentifier = xcode.lang.swift; };
		69F37A5E2AB866AB0081727D /* MatingView.swift */ = {isa = PBXFileReference; lastKnownFileType = sourcecode.swift; path = MatingView.swift; sourceTree = "<group>"; };
/* End PBXFileReference section */

/* Begin PBXFrameworksBuildPhase section */
		69BD0C3A2A610A0600DD7041 /* Frameworks */ = {
			isa = PBXFrameworksBuildPhase;
			buildActionMask = 2147483647;
			files = (
				697B6F202ABC8B8A00FA6803 /* FirebaseAnalytics in Frameworks */,
				697B6F262ABC8B8A00FA6803 /* FirebaseStorage in Frameworks */,
				697B6F222ABC8B8A00FA6803 /* FirebaseAuth in Frameworks */,
				697B6F242ABC8B8A00FA6803 /* FirebaseFirestore in Frameworks */,
			);
			runOnlyForDeploymentPostprocessing = 0;
		};
		69BD0C4A2A610A0700DD7041 /* Frameworks */ = {
			isa = PBXFrameworksBuildPhase;
			buildActionMask = 2147483647;
			files = (
			);
			runOnlyForDeploymentPostprocessing = 0;
		};
		69BD0C542A610A0700DD7041 /* Frameworks */ = {
			isa = PBXFrameworksBuildPhase;
			buildActionMask = 2147483647;
			files = (
			);
			runOnlyForDeploymentPostprocessing = 0;
		};
/* End PBXFrameworksBuildPhase section */

/* Begin PBXGroup section */
		690B758D2ABE9E7A006E6882 /* View */ = {
			isa = PBXGroup;
			children = (
				69F37A602AB866B70081727D /* MachingView */,
				69D545F62AA8991B00D2A6E9 /* RegisterView */,
				69D545F52AA898F700D2A6E9 /* ActionView */,
				697B6F372ABD5D6200FA6803 /* Login */,
			);
			path = View;
			sourceTree = "<group>";
		};
		690B75912ABEA1DB006E6882 /* UIComponents */ = {
			isa = PBXGroup;
			children = (
				690B758E2ABE9EC6006E6882 /* ImagePicker.swift */,
			);
			path = UIComponents;
			sourceTree = "<group>";
		};
		697B6F272ABD567C00FA6803 /* LoginView */ = {
			isa = PBXGroup;
			children = (
				697B6F2E2ABD5CDD00FA6803 /* AuthView.swift */,
				697B6F282ABD569100FA6803 /* LoginView.swift */,
				697B6F302ABD5CE800FA6803 /* SignUpView.swift */,
				697B6F2C2ABD5CC900FA6803 /* LoginSuccessView.swift */,
				697B6F322ABD5CF200FA6803 /* SignRowView.swift */,
			);
			path = LoginView;
			sourceTree = "<group>";
		};
		697B6F342ABD5D4A00FA6803 /* ViewModel */ = {
			isa = PBXGroup;
			children = (
				697B6F352ABD5D4A00FA6803 /* AuthenticationViewModel.swift */,
			);
			path = ViewModel;
			sourceTree = "<group>";
		};
		697B6F372ABD5D6200FA6803 /* Login */ = {
			isa = PBXGroup;
			children = (
				697B6F342ABD5D4A00FA6803 /* ViewModel */,
				697B6F272ABD567C00FA6803 /* LoginView */,
			);
			path = Login;
			sourceTree = "<group>";
		};
		69BD0C342A610A0600DD7041 = {
			isa = PBXGroup;
			children = (
				69BD0C3F2A610A0600DD7041 /* MatchingWordsAndPictures */,
				697B6F2A2ABD597700FA6803 /* GoogleService-Info.plist */,
				69BD0C502A610A0700DD7041 /* MatchingWordsAndPicturesTests */,
				69BD0C5A2A610A0700DD7041 /* MatchingWordsAndPicturesUITests */,
				69BD0C3E2A610A0600DD7041 /* Products */,
			);
			sourceTree = "<group>";
		};
		69BD0C3E2A610A0600DD7041 /* Products */ = {
			isa = PBXGroup;
			children = (
				69BD0C3D2A610A0600DD7041 /* MatchingWordsAndPictures.app */,
				69BD0C4D2A610A0700DD7041 /* MatchingWordsAndPicturesTests.xctest */,
				69BD0C572A610A0700DD7041 /* MatchingWordsAndPicturesUITests.xctest */,
			);
			name = Products;
			sourceTree = "<group>";
		};
		69BD0C3F2A610A0600DD7041 /* MatchingWordsAndPictures */ = {
			isa = PBXGroup;
			children = (
				69BD0C402A610A0600DD7041 /* MatchingWordsAndPicturesApp.swift */,
				690B758A2ABDA61B006E6882 /* UpdatePictureView.swift */,
				690B75942ABEB983006E6882 /* FirebaseManager.swift */,
				690B75912ABEA1DB006E6882 /* UIComponents */,
				690B758D2ABE9E7A006E6882 /* View */,
				69D545FB2AA89B4200D2A6E9 /* Model */,
				69BD0C442A610A0700DD7041 /* Assets.xcassets */,
				69D545FF2AA89D2000D2A6E9 /* MyPlayground.playground */,
				69BD0C462A610A0700DD7041 /* Preview Content */,
			);
			path = MatchingWordsAndPictures;
			sourceTree = "<group>";
		};
		69BD0C462A610A0700DD7041 /* Preview Content */ = {
			isa = PBXGroup;
			children = (
				69BD0C472A610A0700DD7041 /* Preview Assets.xcassets */,
			);
			path = "Preview Content";
			sourceTree = "<group>";
		};
		69BD0C502A610A0700DD7041 /* MatchingWordsAndPicturesTests */ = {
			isa = PBXGroup;
			children = (
				69BD0C512A610A0700DD7041 /* MatchingWordsAndPicturesTests.swift */,
			);
			path = MatchingWordsAndPicturesTests;
			sourceTree = "<group>";
		};
		69BD0C5A2A610A0700DD7041 /* MatchingWordsAndPicturesUITests */ = {
			isa = PBXGroup;
			children = (
				69BD0C5B2A610A0700DD7041 /* MatchingWordsAndPicturesUITests.swift */,
				69BD0C5D2A610A0700DD7041 /* MatchingWordsAndPicturesUITestsLaunchTests.swift */,
			);
			path = MatchingWordsAndPicturesUITests;
			sourceTree = "<group>";
		};
		69D545F52AA898F700D2A6E9 /* ActionView */ = {
			isa = PBXGroup;
			children = (
				69BD0C422A610A0600DD7041 /* ContentView.swift */,
				69D545F12AA88EE700D2A6E9 /* NameRowView.swift */,
			);
			path = ActionView;
			sourceTree = "<group>";
		};
		69D545F62AA8991B00D2A6E9 /* RegisterView */ = {
			isa = PBXGroup;
			children = (
				69D545F32AA8974100D2A6E9 /* ImageTextRegisterView.swift */,
				69D545F92AA899CC00D2A6E9 /* ImageTextRegisterRowView.swift */,
			);
			path = RegisterView;
			sourceTree = "<group>";
		};
		69D545FB2AA89B4200D2A6E9 /* Model */ = {
			isa = PBXGroup;
			children = (
				69BD0C6B2A615B0B00DD7041 /* AVFoundationData.swift */,
				69D545EF2AA88D8800D2A6E9 /* Model.swift */,
			);
			path = Model;
			sourceTree = "<group>";
		};
		69F37A602AB866B70081727D /* MachingView */ = {
			isa = PBXGroup;
			children = (
				69F37A5E2AB866AB0081727D /* MatingView.swift */,
			);
			path = MachingView;
			sourceTree = "<group>";
		};
/* End PBXGroup section */

/* Begin PBXNativeTarget section */
		69BD0C3C2A610A0600DD7041 /* MatchingWordsAndPictures */ = {
			isa = PBXNativeTarget;
			buildConfigurationList = 69BD0C612A610A0700DD7041 /* Build configuration list for PBXNativeTarget "MatchingWordsAndPictures" */;
			buildPhases = (
				69BD0C392A610A0600DD7041 /* Sources */,
				69BD0C3A2A610A0600DD7041 /* Frameworks */,
				69BD0C3B2A610A0600DD7041 /* Resources */,
			);
			buildRules = (
			);
			dependencies = (
			);
			name = MatchingWordsAndPictures;
			packageProductDependencies = (
				697B6F1F2ABC8B8A00FA6803 /* FirebaseAnalytics */,
				697B6F212ABC8B8A00FA6803 /* FirebaseAuth */,
				697B6F232ABC8B8A00FA6803 /* FirebaseFirestore */,
				697B6F252ABC8B8A00FA6803 /* FirebaseStorage */,
			);
			productName = MatchingWordsAndPictures;
			productReference = 69BD0C3D2A610A0600DD7041 /* MatchingWordsAndPictures.app */;
			productType = "com.apple.product-type.application";
		};
		69BD0C4C2A610A0700DD7041 /* MatchingWordsAndPicturesTests */ = {
			isa = PBXNativeTarget;
			buildConfigurationList = 69BD0C642A610A0700DD7041 /* Build configuration list for PBXNativeTarget "MatchingWordsAndPicturesTests" */;
			buildPhases = (
				69BD0C492A610A0700DD7041 /* Sources */,
				69BD0C4A2A610A0700DD7041 /* Frameworks */,
				69BD0C4B2A610A0700DD7041 /* Resources */,
			);
			buildRules = (
			);
			dependencies = (
				69BD0C4F2A610A0700DD7041 /* PBXTargetDependency */,
			);
			name = MatchingWordsAndPicturesTests;
			productName = MatchingWordsAndPicturesTests;
			productReference = 69BD0C4D2A610A0700DD7041 /* MatchingWordsAndPicturesTests.xctest */;
			productType = "com.apple.product-type.bundle.unit-test";
		};
		69BD0C562A610A0700DD7041 /* MatchingWordsAndPicturesUITests */ = {
			isa = PBXNativeTarget;
			buildConfigurationList = 69BD0C672A610A0700DD7041 /* Build configuration list for PBXNativeTarget "MatchingWordsAndPicturesUITests" */;
			buildPhases = (
				69BD0C532A610A0700DD7041 /* Sources */,
				69BD0C542A610A0700DD7041 /* Frameworks */,
				69BD0C552A610A0700DD7041 /* Resources */,
			);
			buildRules = (
			);
			dependencies = (
				69BD0C592A610A0700DD7041 /* PBXTargetDependency */,
			);
			name = MatchingWordsAndPicturesUITests;
			productName = MatchingWordsAndPicturesUITests;
			productReference = 69BD0C572A610A0700DD7041 /* MatchingWordsAndPicturesUITests.xctest */;
			productType = "com.apple.product-type.bundle.ui-testing";
		};
/* End PBXNativeTarget section */

/* Begin PBXProject section */
		69BD0C352A610A0600DD7041 /* Project object */ = {
			isa = PBXProject;
			attributes = {
				BuildIndependentTargetsInParallel = 1;
				LastSwiftUpdateCheck = 1430;
				LastUpgradeCheck = 1430;
				TargetAttributes = {
					69BD0C3C2A610A0600DD7041 = {
						CreatedOnToolsVersion = 14.3.1;
					};
					69BD0C4C2A610A0700DD7041 = {
						CreatedOnToolsVersion = 14.3.1;
						TestTargetID = 69BD0C3C2A610A0600DD7041;
					};
					69BD0C562A610A0700DD7041 = {
						CreatedOnToolsVersion = 14.3.1;
						TestTargetID = 69BD0C3C2A610A0600DD7041;
					};
				};
			};
			buildConfigurationList = 69BD0C382A610A0600DD7041 /* Build configuration list for PBXProject "MatchingWordsAndPictures" */;
			compatibilityVersion = "Xcode 14.0";
			developmentRegion = en;
			hasScannedForEncodings = 0;
			knownRegions = (
				en,
				Base,
			);
			mainGroup = 69BD0C342A610A0600DD7041;
			packageReferences = (
				697B6F1E2ABC8B8A00FA6803 /* XCRemoteSwiftPackageReference "firebase-ios-sdk" */,
			);
			productRefGroup = 69BD0C3E2A610A0600DD7041 /* Products */;
			projectDirPath = "";
			projectRoot = "";
			targets = (
				69BD0C3C2A610A0600DD7041 /* MatchingWordsAndPictures */,
				69BD0C4C2A610A0700DD7041 /* MatchingWordsAndPicturesTests */,
				69BD0C562A610A0700DD7041 /* MatchingWordsAndPicturesUITests */,
			);
		};
/* End PBXProject section */

/* Begin PBXResourcesBuildPhase section */
		69BD0C3B2A610A0600DD7041 /* Resources */ = {
			isa = PBXResourcesBuildPhase;
			buildActionMask = 2147483647;
			files = (
				69BD0C482A610A0700DD7041 /* Preview Assets.xcassets in Resources */,
				69BD0C452A610A0700DD7041 /* Assets.xcassets in Resources */,
				697B6F2B2ABD597700FA6803 /* GoogleService-Info.plist in Resources */,
			);
			runOnlyForDeploymentPostprocessing = 0;
		};
		69BD0C4B2A610A0700DD7041 /* Resources */ = {
			isa = PBXResourcesBuildPhase;
			buildActionMask = 2147483647;
			files = (
			);
			runOnlyForDeploymentPostprocessing = 0;
		};
		69BD0C552A610A0700DD7041 /* Resources */ = {
			isa = PBXResourcesBuildPhase;
			buildActionMask = 2147483647;
			files = (
			);
			runOnlyForDeploymentPostprocessing = 0;
		};
/* End PBXResourcesBuildPhase section */

/* Begin PBXSourcesBuildPhase section */
		69BD0C392A610A0600DD7041 /* Sources */ = {
			isa = PBXSourcesBuildPhase;
			buildActionMask = 2147483647;
			files = (
				69D545F02AA88D8800D2A6E9 /* Model.swift in Sources */,
				69D545F22AA88EE700D2A6E9 /* NameRowView.swift in Sources */,
				697B6F362ABD5D4A00FA6803 /* AuthenticationViewModel.swift in Sources */,
				69D545F42AA8974100D2A6E9 /* ImageTextRegisterView.swift in Sources */,
				697B6F292ABD569100FA6803 /* LoginView.swift in Sources */,
				697B6F312ABD5CE800FA6803 /* SignUpView.swift in Sources */,
				69BD0C432A610A0600DD7041 /* ContentView.swift in Sources */,
				69BD0C6C2A615B0B00DD7041 /* AVFoundationData.swift in Sources */,
				690B758B2ABDA61B006E6882 /* UpdatePictureView.swift in Sources */,
				69D545FA2AA899CC00D2A6E9 /* ImageTextRegisterRowView.swift in Sources */,
				69F37A5F2AB866AB0081727D /* MatingView.swift in Sources */,
				697B6F332ABD5CF200FA6803 /* SignRowView.swift in Sources */,
				697B6F2D2ABD5CC900FA6803 /* LoginSuccessView.swift in Sources */,
				690B758F2ABE9EC6006E6882 /* ImagePicker.swift in Sources */,
				697B6F2F2ABD5CDD00FA6803 /* AuthView.swift in Sources */,
				69BD0C412A610A0600DD7041 /* MatchingWordsAndPicturesApp.swift in Sources */,
				690B75952ABEB983006E6882 /* FirebaseManager.swift in Sources */,
			);
			runOnlyForDeploymentPostprocessing = 0;
		};
		69BD0C492A610A0700DD7041 /* Sources */ = {
			isa = PBXSourcesBuildPhase;
			buildActionMask = 2147483647;
			files = (
				69BD0C522A610A0700DD7041 /* MatchingWordsAndPicturesTests.swift in Sources */,
			);
			runOnlyForDeploymentPostprocessing = 0;
		};
		69BD0C532A610A0700DD7041 /* Sources */ = {
			isa = PBXSourcesBuildPhase;
			buildActionMask = 2147483647;
			files = (
				69BD0C5E2A610A0700DD7041 /* MatchingWordsAndPicturesUITestsLaunchTests.swift in Sources */,
				69BD0C5C2A610A0700DD7041 /* MatchingWordsAndPicturesUITests.swift in Sources */,
			);
			runOnlyForDeploymentPostprocessing = 0;
		};
/* End PBXSourcesBuildPhase section */

/* Begin PBXTargetDependency section */
		69BD0C4F2A610A0700DD7041 /* PBXTargetDependency */ = {
			isa = PBXTargetDependency;
			target = 69BD0C3C2A610A0600DD7041 /* MatchingWordsAndPictures */;
			targetProxy = 69BD0C4E2A610A0700DD7041 /* PBXContainerItemProxy */;
		};
		69BD0C592A610A0700DD7041 /* PBXTargetDependency */ = {
			isa = PBXTargetDependency;
			target = 69BD0C3C2A610A0600DD7041 /* MatchingWordsAndPictures */;
			targetProxy = 69BD0C582A610A0700DD7041 /* PBXContainerItemProxy */;
		};
/* End PBXTargetDependency section */

/* Begin XCBuildConfiguration section */
		69BD0C5F2A610A0700DD7041 /* Debug */ = {
			isa = XCBuildConfiguration;
			buildSettings = {
				ALWAYS_SEARCH_USER_PATHS = NO;
				CLANG_ANALYZER_NONNULL = YES;
				CLANG_ANALYZER_NUMBER_OBJECT_CONVERSION = YES_AGGRESSIVE;
				CLANG_CXX_LANGUAGE_STANDARD = "gnu++20";
				CLANG_ENABLE_MODULES = YES;
				CLANG_ENABLE_OBJC_ARC = YES;
				CLANG_ENABLE_OBJC_WEAK = YES;
				CLANG_WARN_BLOCK_CAPTURE_AUTORELEASING = YES;
				CLANG_WARN_BOOL_CONVERSION = YES;
				CLANG_WARN_COMMA = YES;
				CLANG_WARN_CONSTANT_CONVERSION = YES;
				CLANG_WARN_DEPRECATED_OBJC_IMPLEMENTATIONS = YES;
				CLANG_WARN_DIRECT_OBJC_ISA_USAGE = YES_ERROR;
				CLANG_WARN_DOCUMENTATION_COMMENTS = YES;
				CLANG_WARN_EMPTY_BODY = YES;
				CLANG_WARN_ENUM_CONVERSION = YES;
				CLANG_WARN_INFINITE_RECURSION = YES;
				CLANG_WARN_INT_CONVERSION = YES;
				CLANG_WARN_NON_LITERAL_NULL_CONVERSION = YES;
				CLANG_WARN_OBJC_IMPLICIT_RETAIN_SELF = YES;
				CLANG_WARN_OBJC_LITERAL_CONVERSION = YES;
				CLANG_WARN_OBJC_ROOT_CLASS = YES_ERROR;
				CLANG_WARN_QUOTED_INCLUDE_IN_FRAMEWORK_HEADER = YES;
				CLANG_WARN_RANGE_LOOP_ANALYSIS = YES;
				CLANG_WARN_STRICT_PROTOTYPES = YES;
				CLANG_WARN_SUSPICIOUS_MOVE = YES;
				CLANG_WARN_UNGUARDED_AVAILABILITY = YES_AGGRESSIVE;
				CLANG_WARN_UNREACHABLE_CODE = YES;
				CLANG_WARN__DUPLICATE_METHOD_MATCH = YES;
				COPY_PHASE_STRIP = NO;
				DEBUG_INFORMATION_FORMAT = dwarf;
				ENABLE_STRICT_OBJC_MSGSEND = YES;
				ENABLE_TESTABILITY = YES;
				GCC_C_LANGUAGE_STANDARD = gnu11;
				GCC_DYNAMIC_NO_PIC = NO;
				GCC_NO_COMMON_BLOCKS = YES;
				GCC_OPTIMIZATION_LEVEL = 0;
				GCC_PREPROCESSOR_DEFINITIONS = (
					"DEBUG=1",
					"$(inherited)",
				);
				GCC_WARN_64_TO_32_BIT_CONVERSION = YES;
				GCC_WARN_ABOUT_RETURN_TYPE = YES_ERROR;
				GCC_WARN_UNDECLARED_SELECTOR = YES;
				GCC_WARN_UNINITIALIZED_AUTOS = YES_AGGRESSIVE;
				GCC_WARN_UNUSED_FUNCTION = YES;
				GCC_WARN_UNUSED_VARIABLE = YES;
				IPHONEOS_DEPLOYMENT_TARGET = 16.4;
				MTL_ENABLE_DEBUG_INFO = INCLUDE_SOURCE;
				MTL_FAST_MATH = YES;
				ONLY_ACTIVE_ARCH = YES;
				SDKROOT = iphoneos;
				SWIFT_ACTIVE_COMPILATION_CONDITIONS = DEBUG;
				SWIFT_OPTIMIZATION_LEVEL = "-Onone";
			};
			name = Debug;
		};
		69BD0C602A610A0700DD7041 /* Release */ = {
			isa = XCBuildConfiguration;
			buildSettings = {
				ALWAYS_SEARCH_USER_PATHS = NO;
				CLANG_ANALYZER_NONNULL = YES;
				CLANG_ANALYZER_NUMBER_OBJECT_CONVERSION = YES_AGGRESSIVE;
				CLANG_CXX_LANGUAGE_STANDARD = "gnu++20";
				CLANG_ENABLE_MODULES = YES;
				CLANG_ENABLE_OBJC_ARC = YES;
				CLANG_ENABLE_OBJC_WEAK = YES;
				CLANG_WARN_BLOCK_CAPTURE_AUTORELEASING = YES;
				CLANG_WARN_BOOL_CONVERSION = YES;
				CLANG_WARN_COMMA = YES;
				CLANG_WARN_CONSTANT_CONVERSION = YES;
				CLANG_WARN_DEPRECATED_OBJC_IMPLEMENTATIONS = YES;
				CLANG_WARN_DIRECT_OBJC_ISA_USAGE = YES_ERROR;
				CLANG_WARN_DOCUMENTATION_COMMENTS = YES;
				CLANG_WARN_EMPTY_BODY = YES;
				CLANG_WARN_ENUM_CONVERSION = YES;
				CLANG_WARN_INFINITE_RECURSION = YES;
				CLANG_WARN_INT_CONVERSION = YES;
				CLANG_WARN_NON_LITERAL_NULL_CONVERSION = YES;
				CLANG_WARN_OBJC_IMPLICIT_RETAIN_SELF = YES;
				CLANG_WARN_OBJC_LITERAL_CONVERSION = YES;
				CLANG_WARN_OBJC_ROOT_CLASS = YES_ERROR;
				CLANG_WARN_QUOTED_INCLUDE_IN_FRAMEWORK_HEADER = YES;
				CLANG_WARN_RANGE_LOOP_ANALYSIS = YES;
				CLANG_WARN_STRICT_PROTOTYPES = YES;
				CLANG_WARN_SUSPICIOUS_MOVE = YES;
				CLANG_WARN_UNGUARDED_AVAILABILITY = YES_AGGRESSIVE;
				CLANG_WARN_UNREACHABLE_CODE = YES;
				CLANG_WARN__DUPLICATE_METHOD_MATCH = YES;
				COPY_PHASE_STRIP = NO;
				DEBUG_INFORMATION_FORMAT = "dwarf-with-dsym";
				ENABLE_NS_ASSERTIONS = NO;
				ENABLE_STRICT_OBJC_MSGSEND = YES;
				GCC_C_LANGUAGE_STANDARD = gnu11;
				GCC_NO_COMMON_BLOCKS = YES;
				GCC_WARN_64_TO_32_BIT_CONVERSION = YES;
				GCC_WARN_ABOUT_RETURN_TYPE = YES_ERROR;
				GCC_WARN_UNDECLARED_SELECTOR = YES;
				GCC_WARN_UNINITIALIZED_AUTOS = YES_AGGRESSIVE;
				GCC_WARN_UNUSED_FUNCTION = YES;
				GCC_WARN_UNUSED_VARIABLE = YES;
				IPHONEOS_DEPLOYMENT_TARGET = 16.4;
				MTL_ENABLE_DEBUG_INFO = NO;
				MTL_FAST_MATH = YES;
				SDKROOT = iphoneos;
				SWIFT_COMPILATION_MODE = wholemodule;
				SWIFT_OPTIMIZATION_LEVEL = "-O";
				VALIDATE_PRODUCT = YES;
			};
			name = Release;
		};
		69BD0C622A610A0700DD7041 /* Debug */ = {
			isa = XCBuildConfiguration;
			buildSettings = {
				ASSETCATALOG_COMPILER_APPICON_NAME = AppIcon;
				ASSETCATALOG_COMPILER_GLOBAL_ACCENT_COLOR_NAME = AccentColor;
				CODE_SIGN_STYLE = Automatic;
				CURRENT_PROJECT_VERSION = 1;
				DEVELOPMENT_ASSET_PATHS = "\"MatchingWordsAndPictures/Preview Content\"";
				DEVELOPMENT_TEAM = 6NMWZ48XL4;
				ENABLE_PREVIEWS = YES;
				GENERATE_INFOPLIST_FILE = YES;
				INFOPLIST_KEY_UIApplicationSceneManifest_Generation = YES;
				INFOPLIST_KEY_UIApplicationSupportsIndirectInputEvents = YES;
				INFOPLIST_KEY_UILaunchScreen_Generation = YES;
				INFOPLIST_KEY_UISupportedInterfaceOrientations_iPad = "UIInterfaceOrientationPortrait UIInterfaceOrientationPortraitUpsideDown UIInterfaceOrientationLandscapeLeft UIInterfaceOrientationLandscapeRight";
				INFOPLIST_KEY_UISupportedInterfaceOrientations_iPhone = "UIInterfaceOrientationPortrait UIInterfaceOrientationLandscapeLeft UIInterfaceOrientationLandscapeRight";
				IPHONEOS_DEPLOYMENT_TARGET = 16.0;
				LD_RUNPATH_SEARCH_PATHS = (
					"$(inherited)",
					"@executable_path/Frameworks",
				);
				MARKETING_VERSION = 1.0;
				PRODUCT_BUNDLE_IDENTIFIER = com.sako.MatchingWordsAndPictures;
				PRODUCT_NAME = "$(TARGET_NAME)";
				SWIFT_EMIT_LOC_STRINGS = YES;
				SWIFT_VERSION = 5.0;
				TARGETED_DEVICE_FAMILY = "1,2";
			};
			name = Debug;
		};
		69BD0C632A610A0700DD7041 /* Release */ = {
			isa = XCBuildConfiguration;
			buildSettings = {
				ASSETCATALOG_COMPILER_APPICON_NAME = AppIcon;
				ASSETCATALOG_COMPILER_GLOBAL_ACCENT_COLOR_NAME = AccentColor;
				CODE_SIGN_STYLE = Automatic;
				CURRENT_PROJECT_VERSION = 1;
				DEVELOPMENT_ASSET_PATHS = "\"MatchingWordsAndPictures/Preview Content\"";
				DEVELOPMENT_TEAM = 6NMWZ48XL4;
				ENABLE_PREVIEWS = YES;
				GENERATE_INFOPLIST_FILE = YES;
				INFOPLIST_KEY_UIApplicationSceneManifest_Generation = YES;
				INFOPLIST_KEY_UIApplicationSupportsIndirectInputEvents = YES;
				INFOPLIST_KEY_UILaunchScreen_Generation = YES;
				INFOPLIST_KEY_UISupportedInterfaceOrientations_iPad = "UIInterfaceOrientationPortrait UIInterfaceOrientationPortraitUpsideDown UIInterfaceOrientationLandscapeLeft UIInterfaceOrientationLandscapeRight";
				INFOPLIST_KEY_UISupportedInterfaceOrientations_iPhone = "UIInterfaceOrientationPortrait UIInterfaceOrientationLandscapeLeft UIInterfaceOrientationLandscapeRight";
				IPHONEOS_DEPLOYMENT_TARGET = 16.0;
				LD_RUNPATH_SEARCH_PATHS = (
					"$(inherited)",
					"@executable_path/Frameworks",
				);
				MARKETING_VERSION = 1.0;
				PRODUCT_BUNDLE_IDENTIFIER = com.sako.MatchingWordsAndPictures;
				PRODUCT_NAME = "$(TARGET_NAME)";
				SWIFT_EMIT_LOC_STRINGS = YES;
				SWIFT_VERSION = 5.0;
				TARGETED_DEVICE_FAMILY = "1,2";
			};
			name = Release;
		};
		69BD0C652A610A0700DD7041 /* Debug */ = {
			isa = XCBuildConfiguration;
			buildSettings = {
				ALWAYS_EMBED_SWIFT_STANDARD_LIBRARIES = YES;
				BUNDLE_LOADER = "$(TEST_HOST)";
				CODE_SIGN_STYLE = Automatic;
				CURRENT_PROJECT_VERSION = 1;
				DEVELOPMENT_TEAM = 6NMWZ48XL4;
				GENERATE_INFOPLIST_FILE = YES;
				IPHONEOS_DEPLOYMENT_TARGET = 16.4;
				MARKETING_VERSION = 1.0;
				PRODUCT_BUNDLE_IDENTIFIER = com.sako.MatchingWordsAndPicturesTests;
				PRODUCT_NAME = "$(TARGET_NAME)";
				SWIFT_EMIT_LOC_STRINGS = NO;
				SWIFT_VERSION = 5.0;
				TARGETED_DEVICE_FAMILY = "1,2";
				TEST_HOST = "$(BUILT_PRODUCTS_DIR)/MatchingWordsAndPictures.app/$(BUNDLE_EXECUTABLE_FOLDER_PATH)/MatchingWordsAndPictures";
			};
			name = Debug;
		};
		69BD0C662A610A0700DD7041 /* Release */ = {
			isa = XCBuildConfiguration;
			buildSettings = {
				ALWAYS_EMBED_SWIFT_STANDARD_LIBRARIES = YES;
				BUNDLE_LOADER = "$(TEST_HOST)";
				CODE_SIGN_STYLE = Automatic;
				CURRENT_PROJECT_VERSION = 1;
				DEVELOPMENT_TEAM = 6NMWZ48XL4;
				GENERATE_INFOPLIST_FILE = YES;
				IPHONEOS_DEPLOYMENT_TARGET = 16.4;
				MARKETING_VERSION = 1.0;
				PRODUCT_BUNDLE_IDENTIFIER = com.sako.MatchingWordsAndPicturesTests;
				PRODUCT_NAME = "$(TARGET_NAME)";
				SWIFT_EMIT_LOC_STRINGS = NO;
				SWIFT_VERSION = 5.0;
				TARGETED_DEVICE_FAMILY = "1,2";
				TEST_HOST = "$(BUILT_PRODUCTS_DIR)/MatchingWordsAndPictures.app/$(BUNDLE_EXECUTABLE_FOLDER_PATH)/MatchingWordsAndPictures";
			};
			name = Release;
		};
		69BD0C682A610A0700DD7041 /* Debug */ = {
			isa = XCBuildConfiguration;
			buildSettings = {
				ALWAYS_EMBED_SWIFT_STANDARD_LIBRARIES = YES;
				CODE_SIGN_STYLE = Automatic;
				CURRENT_PROJECT_VERSION = 1;
				DEVELOPMENT_TEAM = 6NMWZ48XL4;
				GENERATE_INFOPLIST_FILE = YES;
				MARKETING_VERSION = 1.0;
				PRODUCT_BUNDLE_IDENTIFIER = com.sako.MatchingWordsAndPicturesUITests;
				PRODUCT_NAME = "$(TARGET_NAME)";
				SWIFT_EMIT_LOC_STRINGS = NO;
				SWIFT_VERSION = 5.0;
				TARGETED_DEVICE_FAMILY = "1,2";
				TEST_TARGET_NAME = MatchingWordsAndPictures;
			};
			name = Debug;
		};
		69BD0C692A610A0700DD7041 /* Release */ = {
			isa = XCBuildConfiguration;
			buildSettings = {
				ALWAYS_EMBED_SWIFT_STANDARD_LIBRARIES = YES;
				CODE_SIGN_STYLE = Automatic;
				CURRENT_PROJECT_VERSION = 1;
				DEVELOPMENT_TEAM = 6NMWZ48XL4;
				GENERATE_INFOPLIST_FILE = YES;
				MARKETING_VERSION = 1.0;
				PRODUCT_BUNDLE_IDENTIFIER = com.sako.MatchingWordsAndPicturesUITests;
				PRODUCT_NAME = "$(TARGET_NAME)";
				SWIFT_EMIT_LOC_STRINGS = NO;
				SWIFT_VERSION = 5.0;
				TARGETED_DEVICE_FAMILY = "1,2";
				TEST_TARGET_NAME = MatchingWordsAndPictures;
			};
			name = Release;
		};
/* End XCBuildConfiguration section */

/* Begin XCConfigurationList section */
		69BD0C382A610A0600DD7041 /* Build configuration list for PBXProject "MatchingWordsAndPictures" */ = {
			isa = XCConfigurationList;
			buildConfigurations = (
				69BD0C5F2A610A0700DD7041 /* Debug */,
				69BD0C602A610A0700DD7041 /* Release */,
			);
			defaultConfigurationIsVisible = 0;
			defaultConfigurationName = Release;
		};
		69BD0C612A610A0700DD7041 /* Build configuration list for PBXNativeTarget "MatchingWordsAndPictures" */ = {
			isa = XCConfigurationList;
			buildConfigurations = (
				69BD0C622A610A0700DD7041 /* Debug */,
				69BD0C632A610A0700DD7041 /* Release */,
			);
			defaultConfigurationIsVisible = 0;
			defaultConfigurationName = Release;
		};
		69BD0C642A610A0700DD7041 /* Build configuration list for PBXNativeTarget "MatchingWordsAndPicturesTests" */ = {
			isa = XCConfigurationList;
			buildConfigurations = (
				69BD0C652A610A0700DD7041 /* Debug */,
				69BD0C662A610A0700DD7041 /* Release */,
			);
			defaultConfigurationIsVisible = 0;
			defaultConfigurationName = Release;
		};
		69BD0C672A610A0700DD7041 /* Build configuration list for PBXNativeTarget "MatchingWordsAndPicturesUITests" */ = {
			isa = XCConfigurationList;
			buildConfigurations = (
				69BD0C682A610A0700DD7041 /* Debug */,
				69BD0C692A610A0700DD7041 /* Release */,
			);
			defaultConfigurationIsVisible = 0;
			defaultConfigurationName = Release;
		};
/* End XCConfigurationList section */

/* Begin XCRemoteSwiftPackageReference section */
		697B6F1E2ABC8B8A00FA6803 /* XCRemoteSwiftPackageReference "firebase-ios-sdk" */ = {
			isa = XCRemoteSwiftPackageReference;
			repositoryURL = "https://github.com/firebase/firebase-ios-sdk";
			requirement = {
				kind = upToNextMajorVersion;
				minimumVersion = 10.0.0;
			};
		};
/* End XCRemoteSwiftPackageReference section */

/* Begin XCSwiftPackageProductDependency section */
		697B6F1F2ABC8B8A00FA6803 /* FirebaseAnalytics */ = {
			isa = XCSwiftPackageProductDependency;
			package = 697B6F1E2ABC8B8A00FA6803 /* XCRemoteSwiftPackageReference "firebase-ios-sdk" */;
			productName = FirebaseAnalytics;
		};
		697B6F212ABC8B8A00FA6803 /* FirebaseAuth */ = {
			isa = XCSwiftPackageProductDependency;
			package = 697B6F1E2ABC8B8A00FA6803 /* XCRemoteSwiftPackageReference "firebase-ios-sdk" */;
			productName = FirebaseAuth;
		};
		697B6F232ABC8B8A00FA6803 /* FirebaseFirestore */ = {
			isa = XCSwiftPackageProductDependency;
			package = 697B6F1E2ABC8B8A00FA6803 /* XCRemoteSwiftPackageReference "firebase-ios-sdk" */;
			productName = FirebaseFirestore;
		};
		697B6F252ABC8B8A00FA6803 /* FirebaseStorage */ = {
			isa = XCSwiftPackageProductDependency;
			package = 697B6F1E2ABC8B8A00FA6803 /* XCRemoteSwiftPackageReference "firebase-ios-sdk" */;
			productName = FirebaseStorage;
		};
/* End XCSwiftPackageProductDependency section */
	};
	rootObject = 69BD0C352A610A0600DD7041 /* Project object */;
}
